
Microsoft Visual Studio Solution File, Format Version 12.00
# Visual Studio Version 17
VisualStudioVersion = 17.6.33815.320
MinimumVisualStudioVersion = 10.0.40219.1
Project("{FAE04EC0-301F-11D3-BF4B-00C04F79EFBC}") = "LanaReneeLashes", "LanaReneeLashes.csproj", "{2554C27B-D442-4246-A130-BB06CE178A01}"
EndProject
Global
	GlobalSection(SolutionConfigurationPlatforms) = preSolution
		Debug|Any CPU = Debug|Any CPU
		Release|Any CPU = Release|Any CPU
	EndGlobalSection
	GlobalSection(ProjectConfigurationPlatforms) = postSolution
		{2554C27B-D442-4246-A130-BB06CE178A01}.Debug|Any CPU.ActiveCfg = Debug|Any CPU
		{2554C27B-D442-4246-A130-BB06CE178A01}.Debug|Any CPU.Build.0 = Debug|Any CPU
		{2554C27B-D442-4246-A130-BB06CE178A01}.Release|Any CPU.ActiveCfg = Release|Any CPU
		{2554C27B-D442-4246-A130-BB06CE178A01}.Release|Any CPU.Build.0 = Release|Any CPU
	EndGlobalSection
	GlobalSection(SolutionProperties) = preSolution
		HideSolutionNode = FALSE
	EndGlobalSection
	GlobalSection(ExtensibilityGlobals) = postSolution
		SolutionGuid = {078833BF-202E-4704-9A48-A83EF113B134}
	EndGlobalSection
EndGlobal
